
Microsoft Visual Studio Solution File, Format Version 9.00
# Visual Studio 2005
Project("{8BC9CEB8-8B4A-11D0-8D11-00A0C91BC942}") = "StyleTest", "StyleTest\StyleTest.vcproj", "{5F7CFF8A-C07C-45DC-96AB-861FA0F1D66A}"
EndProject
Project("{8BC9CEB8-8B4A-11D0-8D11-00A0C91BC942}") = "WM_PAINT", "WM_PAINT\WM_PAINT.vcproj", "{F539F93B-0D87-4E83-9726-41A6A5F39E78}"
EndProject
Project("{8BC9CEB8-8B4A-11D0-8D11-00A0C91BC942}") = "WM_ERASEBKGND", "WM_ERASEBKGND\WM_ERASEBKGND.vcproj", "{2D5924F3-5901-4AF9-854B-0448E5A408D5}"
EndProject
Project("{8BC9CEB8-8B4A-11D0-8D11-00A0C91BC942}") = "WM_CTLCOLOR", "WM_CTLCOLOR\WM_CTLCOLOR.vcproj", "{09D60493-EBA8-4655-AC3D-F9805D8AE67E}"
EndProject
Project("{8BC9CEB8-8B4A-11D0-8D11-00A0C91BC942}") = "WM_DRAWITEM", "WM_DRAWITEM\WM_DRAWITEM.vcproj", "{8114491D-31A1-489E-ADC9-C009B1748B07}"
EndProject
Project("{8BC9CEB8-8B4A-11D0-8D11-00A0C91BC942}") = "WM_MEASUREITEM", "WM_MEASUREITEM\WM_MEASUREITEM.vcproj", "{1E189E6E-886E-4F99-AB25-FDDBE5AC5939}"
EndProject
Project("{8BC9CEB8-8B4A-11D0-8D11-00A0C91BC942}") = "NM_CUSTOMDRAW", "NM_CUSTOMDRAW\NM_CUSTOMDRAW.vcproj", "{0F98BF82-C649-4B6B-B58D-69A796CE1777}"
EndProject
Project("{8BC9CEB8-8B4A-11D0-8D11-00A0C91BC942}") = "FlashPlayer", "FlashPlayer\FlashPlayer.vcproj", "{CBE9D243-8FA8-4EDB-8609-573DBA5EB524}"
EndProject
Project("{8BC9CEB8-8B4A-11D0-8D11-00A0C91BC942}") = "ActiveXCtrls", "ActiveXCtrls\ActiveXCtrls.vcproj", "{53F655FC-2B95-4A31-9125-BEFE7B35F6B9}"
EndProject
Project("{8BC9CEB8-8B4A-11D0-8D11-00A0C91BC942}") = "ColorTest", "ColorTest\ColorTest.vcproj", "{5A5C0E3F-E475-4BB8-A095-82D6BEEAA145}"
EndProject
Project("{8BC9CEB8-8B4A-11D0-8D11-00A0C91BC942}") = "SkinMagicTest", "SkinMagicTest\SkinMagicTest.vcproj", "{BD66C3E0-A4D4-49E5-AC56-EBE4460EE7F5}"
EndProject
Global
	GlobalSection(SolutionConfigurationPlatforms) = preSolution
		Debug|Win32 = Debug|Win32
		Release|Win32 = Release|Win32
	EndGlobalSection
	GlobalSection(ProjectConfigurationPlatforms) = postSolution
		{5F7CFF8A-C07C-45DC-96AB-861FA0F1D66A}.Debug|Win32.ActiveCfg = Debug|Win32
		{5F7CFF8A-C07C-45DC-96AB-861FA0F1D66A}.Debug|Win32.Build.0 = Debug|Win32
		{5F7CFF8A-C07C-45DC-96AB-861FA0F1D66A}.Release|Win32.ActiveCfg = Release|Win32
		{5F7CFF8A-C07C-45DC-96AB-861FA0F1D66A}.Release|Win32.Build.0 = Release|Win32
		{F539F93B-0D87-4E83-9726-41A6A5F39E78}.Debug|Win32.ActiveCfg = Debug|Win32
		{F539F93B-0D87-4E83-9726-41A6A5F39E78}.Debug|Win32.Build.0 = Debug|Win32
		{F539F93B-0D87-4E83-9726-41A6A5F39E78}.Release|Win32.ActiveCfg = Release|Win32
		{F539F93B-0D87-4E83-9726-41A6A5F39E78}.Release|Win32.Build.0 = Release|Win32
		{2D5924F3-5901-4AF9-854B-0448E5A408D5}.Debug|Win32.ActiveCfg = Debug|Win32
		{2D5924F3-5901-4AF9-854B-0448E5A408D5}.Debug|Win32.Build.0 = Debug|Win32
		{2D5924F3-5901-4AF9-854B-0448E5A408D5}.Release|Win32.ActiveCfg = Release|Win32
		{2D5924F3-5901-4AF9-854B-0448E5A408D5}.Release|Win32.Build.0 = Release|Win32
		{09D60493-EBA8-4655-AC3D-F9805D8AE67E}.Debug|Win32.ActiveCfg = Debug|Win32
		{09D60493-EBA8-4655-AC3D-F9805D8AE67E}.Debug|Win32.Build.0 = Debug|Win32
		{09D60493-EBA8-4655-AC3D-F9805D8AE67E}.Release|Win32.ActiveCfg = Release|Win32
		{09D60493-EBA8-4655-AC3D-F9805D8AE67E}.Release|Win32.Build.0 = Release|Win32
		{8114491D-31A1-489E-ADC9-C009B1748B07}.Debug|Win32.ActiveCfg = Debug|Win32
		{8114491D-31A1-489E-ADC9-C009B1748B07}.Debug|Win32.Build.0 = Debug|Win32
		{8114491D-31A1-489E-ADC9-C009B1748B07}.Release|Win32.ActiveCfg = Release|Win32
		{8114491D-31A1-489E-ADC9-C009B1748B07}.Release|Win32.Build.0 = Release|Win32
		{1E189E6E-886E-4F99-AB25-FDDBE5AC5939}.Debug|Win32.ActiveCfg = Debug|Win32
		{1E189E6E-886E-4F99-AB25-FDDBE5AC5939}.Debug|Win32.Build.0 = Debug|Win32
		{1E189E6E-886E-4F99-AB25-FDDBE5AC5939}.Release|Win32.ActiveCfg = Release|Win32
		{1E189E6E-886E-4F99-AB25-FDDBE5AC5939}.Release|Win32.Build.0 = Release|Win32
		{0F98BF82-C649-4B6B-B58D-69A796CE1777}.Debug|Win32.ActiveCfg = Debug|Win32
		{0F98BF82-C649-4B6B-B58D-69A796CE1777}.Debug|Win32.Build.0 = Debug|Win32
		{0F98BF82-C649-4B6B-B58D-69A796CE1777}.Release|Win32.ActiveCfg = Release|Win32
		{0F98BF82-C649-4B6B-B58D-69A796CE1777}.Release|Win32.Build.0 = Release|Win32
		{CBE9D243-8FA8-4EDB-8609-573DBA5EB524}.Debug|Win32.ActiveCfg = Debug|Win32
		{CBE9D243-8FA8-4EDB-8609-573DBA5EB524}.Debug|Win32.Build.0 = Debug|Win32
		{CBE9D243-8FA8-4EDB-8609-573DBA5EB524}.Release|Win32.ActiveCfg = Release|Win32
		{CBE9D243-8FA8-4EDB-8609-573DBA5EB524}.Release|Win32.Build.0 = Release|Win32
		{53F655FC-2B95-4A31-9125-BEFE7B35F6B9}.Debug|Win32.ActiveCfg = Debug|Win32
		{53F655FC-2B95-4A31-9125-BEFE7B35F6B9}.Debug|Win32.Build.0 = Debug|Win32
		{53F655FC-2B95-4A31-9125-BEFE7B35F6B9}.Release|Win32.ActiveCfg = Release|Win32
		{53F655FC-2B95-4A31-9125-BEFE7B35F6B9}.Release|Win32.Build.0 = Release|Win32
		{5A5C0E3F-E475-4BB8-A095-82D6BEEAA145}.Debug|Win32.ActiveCfg = Debug|Win32
		{5A5C0E3F-E475-4BB8-A095-82D6BEEAA145}.Debug|Win32.Build.0 = Debug|Win32
		{5A5C0E3F-E475-4BB8-A095-82D6BEEAA145}.Release|Win32.ActiveCfg = Release|Win32
		{5A5C0E3F-E475-4BB8-A095-82D6BEEAA145}.Release|Win32.Build.0 = Release|Win32
		{BD66C3E0-A4D4-49E5-AC56-EBE4460EE7F5}.Debug|Win32.ActiveCfg = Debug|Win32
		{BD66C3E0-A4D4-49E5-AC56-EBE4460EE7F5}.Debug|Win32.Build.0 = Debug|Win32
		{BD66C3E0-A4D4-49E5-AC56-EBE4460EE7F5}.Release|Win32.ActiveCfg = Release|Win32
		{BD66C3E0-A4D4-49E5-AC56-EBE4460EE7F5}.Release|Win32.Build.0 = Release|Win32
	EndGlobalSection
	GlobalSection(SolutionProperties) = preSolution
		HideSolutionNode = FALSE
	EndGlobalSection
EndGlobal
