Microsoft Visual Studio Solution File, Format Version 8.00
Project("{8BC9CEB8-8B4A-11D0-8D11-00A0C91BC942}") = "xiyou", "xiyou.vcproj", "{7086FBDF-810E-4CF8-95BF-CA086454A381}"
	ProjectSection(ProjectDependencies) = postProject
	EndProjectSection
EndProject
Global
	GlobalSection(SolutionConfiguration) = preSolution
		Debug = Debug
		Release = Release
	EndGlobalSection
	GlobalSection(ProjectConfiguration) = postSolution
		{7086FBDF-810E-4CF8-95BF-CA086454A381}.Debug.ActiveCfg = Debug|Win32
		{7086FBDF-810E-4CF8-95BF-CA086454A381}.Debug.Build.0 = Debug|Win32
		{7086FBDF-810E-4CF8-95BF-CA086454A381}.Release.ActiveCfg = Release|Win32
		{7086FBDF-810E-4CF8-95BF-CA086454A381}.Release.Build.0 = Release|Win32
	EndGlobalSection
	GlobalSection(SolutionItems) = postSolution
		xiyou.vsd = xiyou.vsd
	EndGlobalSection
	GlobalSection(ExtensibilityGlobals) = postSolution
	EndGlobalSection
	GlobalSection(ExtensibilityAddIns) = postSolution
	EndGlobalSection
EndGlobal
